{
  "name": "ZepetoRoomEscape",
  "version": "1.0.0",
  "lockfileVersion": 1,
  "requires": true,
  "dependencies": {
    "typescript": {
      "version": "4.3.5",
      "resolved": "https://registry.npmjs.org/typescript/-/typescript-4.3.5.tgz",
      "integrity": "sha512-DqQgihaQ9cUrskJo9kIyW/+g0Vxsk8cDtZ52a3NGh0YNTfpUSArXSohyUGnvbPazEPLu398C0UxmKSOrPumUzA=="
    },
    "zepeto-script-compiler": {
      "version": "file:Library/Packages/zepeto-script-compiler.tgz",
      "integrity": "sha512-ejObd8jkVKtZzOz/+5gJeAbOBiRFcKP0GYsz6+7gTJPZmuxQN8JlHzaJfjCkCYhtdfv34Xe14x67aexlRrfAEA==",
      "requires": {
        "typescript": "^4.3.5"
      }
    }
  }
}
